
Microsoft Visual Studio Solution File, Format Version 12.00
# Visual Studio Version 17
VisualStudioVersion = 17.14.36915.13
MinimumVisualStudioVersion = 10.0.40219.1
Project("{FAE04EC0-301F-11D3-BF4B-00C04F79EFBC}") = "01_MainSubjects", "01_MainSubjects\01_MainSubjects.csproj", "{FC64C510-EED1-432E-82DC-8AF1EC79155B}"
EndProject
Project("{FAE04EC0-301F-11D3-BF4B-00C04F79EFBC}") = "02_Variables", "02_Variables\02_Variables.csproj", "{35A63CB1-37F0-48B6-9487-7015CD36022B}"
EndProject
Project("{FAE04EC0-301F-11D3-BF4B-00C04F79EFBC}") = "03_MakingDecision", "03_MakingDecision\03_MakingDecision.csproj", "{7239758C-700A-4B9F-BF28-DDC2E88C2DA6}"
EndProject
Project("{FAE04EC0-301F-11D3-BF4B-00C04F79EFBC}") = "04_Loops", "04_Loops\04_Loops.csproj", "{121405E1-8A1D-467E-904E-DC6DF534A7DD}"
EndProject
Project("{FAE04EC0-301F-11D3-BF4B-00C04F79EFBC}") = "05_LoopsWithStarts", "05_LoopsWithStarts\05_LoopsWithStarts.csproj", "{6CFFA410-AC17-456C-AAAF-8206E159ACA0}"
EndProject
Project("{FAE04EC0-301F-11D3-BF4B-00C04F79EFBC}") = "06_Arrays", "06_Arrays\06_Arrays.csproj", "{FAAE360E-30C1-4BBE-85AE-E792B723DF7D}"
EndProject
Project("{FAE04EC0-301F-11D3-BF4B-00C04F79EFBC}") = "07_ForeachLoops", "07_ForeachLoops\07_ForeachLoops.csproj", "{61021CD8-1869-4FA3-83AC-D0258B387EF8}"
EndProject
Project("{FAE04EC0-301F-11D3-BF4B-00C04F79EFBC}") = "08_Methods", "08_Methods\08_Methods.csproj", "{ADFF06B6-F81C-4685-897D-53B348A4B419}"
EndProject
Project("{FAE04EC0-301F-11D3-BF4B-00C04F79EFBC}") = "09_DatabaseProject", "09_DatabaseProject\09_DatabaseProject.csproj", "{28A89EB5-C821-4FE2-90F6-4C99AC2726BB}"
EndProject
Global
	GlobalSection(SolutionConfigurationPlatforms) = preSolution
		Debug|Any CPU = Debug|Any CPU
		Release|Any CPU = Release|Any CPU
	EndGlobalSection
	GlobalSection(ProjectConfigurationPlatforms) = postSolution
		{FC64C510-EED1-432E-82DC-8AF1EC79155B}.Debug|Any CPU.ActiveCfg = Debug|Any CPU
		{FC64C510-EED1-432E-82DC-8AF1EC79155B}.Debug|Any CPU.Build.0 = Debug|Any CPU
		{FC64C510-EED1-432E-82DC-8AF1EC79155B}.Release|Any CPU.ActiveCfg = Release|Any CPU
		{FC64C510-EED1-432E-82DC-8AF1EC79155B}.Release|Any CPU.Build.0 = Release|Any CPU
		{35A63CB1-37F0-48B6-9487-7015CD36022B}.Debug|Any CPU.ActiveCfg = Debug|Any CPU
		{35A63CB1-37F0-48B6-9487-7015CD36022B}.Debug|Any CPU.Build.0 = Debug|Any CPU
		{35A63CB1-37F0-48B6-9487-7015CD36022B}.Release|Any CPU.ActiveCfg = Release|Any CPU
		{35A63CB1-37F0-48B6-9487-7015CD36022B}.Release|Any CPU.Build.0 = Release|Any CPU
		{7239758C-700A-4B9F-BF28-DDC2E88C2DA6}.Debug|Any CPU.ActiveCfg = Debug|Any CPU
		{7239758C-700A-4B9F-BF28-DDC2E88C2DA6}.Debug|Any CPU.Build.0 = Debug|Any CPU
		{7239758C-700A-4B9F-BF28-DDC2E88C2DA6}.Release|Any CPU.ActiveCfg = Release|Any CPU
		{7239758C-700A-4B9F-BF28-DDC2E88C2DA6}.Release|Any CPU.Build.0 = Release|Any CPU
		{121405E1-8A1D-467E-904E-DC6DF534A7DD}.Debug|Any CPU.ActiveCfg = Debug|Any CPU
		{121405E1-8A1D-467E-904E-DC6DF534A7DD}.Debug|Any CPU.Build.0 = Debug|Any CPU
		{121405E1-8A1D-467E-904E-DC6DF534A7DD}.Release|Any CPU.ActiveCfg = Release|Any CPU
		{121405E1-8A1D-467E-904E-DC6DF534A7DD}.Release|Any CPU.Build.0 = Release|Any CPU
		{6CFFA410-AC17-456C-AAAF-8206E159ACA0}.Debug|Any CPU.ActiveCfg = Debug|Any CPU
		{6CFFA410-AC17-456C-AAAF-8206E159ACA0}.Debug|Any CPU.Build.0 = Debug|Any CPU
		{6CFFA410-AC17-456C-AAAF-8206E159ACA0}.Release|Any CPU.ActiveCfg = Release|Any CPU
		{6CFFA410-AC17-456C-AAAF-8206E159ACA0}.Release|Any CPU.Build.0 = Release|Any CPU
		{FAAE360E-30C1-4BBE-85AE-E792B723DF7D}.Debug|Any CPU.ActiveCfg = Debug|Any CPU
		{FAAE360E-30C1-4BBE-85AE-E792B723DF7D}.Debug|Any CPU.Build.0 = Debug|Any CPU
		{FAAE360E-30C1-4BBE-85AE-E792B723DF7D}.Release|Any CPU.ActiveCfg = Release|Any CPU
		{FAAE360E-30C1-4BBE-85AE-E792B723DF7D}.Release|Any CPU.Build.0 = Release|Any CPU
		{61021CD8-1869-4FA3-83AC-D0258B387EF8}.Debug|Any CPU.ActiveCfg = Debug|Any CPU
		{61021CD8-1869-4FA3-83AC-D0258B387EF8}.Debug|Any CPU.Build.0 = Debug|Any CPU
		{61021CD8-1869-4FA3-83AC-D0258B387EF8}.Release|Any CPU.ActiveCfg = Release|Any CPU
		{61021CD8-1869-4FA3-83AC-D0258B387EF8}.Release|Any CPU.Build.0 = Release|Any CPU
		{ADFF06B6-F81C-4685-897D-53B348A4B419}.Debug|Any CPU.ActiveCfg = Debug|Any CPU
		{ADFF06B6-F81C-4685-897D-53B348A4B419}.Debug|Any CPU.Build.0 = Debug|Any CPU
		{ADFF06B6-F81C-4685-897D-53B348A4B419}.Release|Any CPU.ActiveCfg = Release|Any CPU
		{ADFF06B6-F81C-4685-897D-53B348A4B419}.Release|Any CPU.Build.0 = Release|Any CPU
		{28A89EB5-C821-4FE2-90F6-4C99AC2726BB}.Debug|Any CPU.ActiveCfg = Debug|Any CPU
		{28A89EB5-C821-4FE2-90F6-4C99AC2726BB}.Debug|Any CPU.Build.0 = Debug|Any CPU
		{28A89EB5-C821-4FE2-90F6-4C99AC2726BB}.Release|Any CPU.ActiveCfg = Release|Any CPU
		{28A89EB5-C821-4FE2-90F6-4C99AC2726BB}.Release|Any CPU.Build.0 = Release|Any CPU
	EndGlobalSection
	GlobalSection(SolutionProperties) = preSolution
		HideSolutionNode = FALSE
	EndGlobalSection
	GlobalSection(ExtensibilityGlobals) = postSolution
		SolutionGuid = {4BE84389-DB1B-4602-803E-284FCEA6215D}
	EndGlobalSection
EndGlobal
