
Microsoft Visual Studio Solution File, Format Version 12.00
# Visual Studio Version 17
VisualStudioVersion = 17.14.36915.13 d17.14
MinimumVisualStudioVersion = 10.0.40219.1
Project("{FAE04EC0-301F-11D3-BF4B-00C04F79EFBC}") = "01_MainSubjects", "01_MainSubjects\01_MainSubjects.csproj", "{FC64C510-EED1-432E-82DC-8AF1EC79155B}"
EndProject
Project("{FAE04EC0-301F-11D3-BF4B-00C04F79EFBC}") = "02_Variables", "02_Variables\02_Variables.csproj", "{35A63CB1-37F0-48B6-9487-7015CD36022B}"
EndProject
Global
	GlobalSection(SolutionConfigurationPlatforms) = preSolution
		Debug|Any CPU = Debug|Any CPU
		Release|Any CPU = Release|Any CPU
	EndGlobalSection
	GlobalSection(ProjectConfigurationPlatforms) = postSolution
		{FC64C510-EED1-432E-82DC-8AF1EC79155B}.Debug|Any CPU.ActiveCfg = Debug|Any CPU
		{FC64C510-EED1-432E-82DC-8AF1EC79155B}.Debug|Any CPU.Build.0 = Debug|Any CPU
		{FC64C510-EED1-432E-82DC-8AF1EC79155B}.Release|Any CPU.ActiveCfg = Release|Any CPU
		{FC64C510-EED1-432E-82DC-8AF1EC79155B}.Release|Any CPU.Build.0 = Release|Any CPU
		{35A63CB1-37F0-48B6-9487-7015CD36022B}.Debug|Any CPU.ActiveCfg = Debug|Any CPU
		{35A63CB1-37F0-48B6-9487-7015CD36022B}.Debug|Any CPU.Build.0 = Debug|Any CPU
		{35A63CB1-37F0-48B6-9487-7015CD36022B}.Release|Any CPU.ActiveCfg = Release|Any CPU
		{35A63CB1-37F0-48B6-9487-7015CD36022B}.Release|Any CPU.Build.0 = Release|Any CPU
	EndGlobalSection
	GlobalSection(SolutionProperties) = preSolution
		HideSolutionNode = FALSE
	EndGlobalSection
	GlobalSection(ExtensibilityGlobals) = postSolution
		SolutionGuid = {4BE84389-DB1B-4602-803E-284FCEA6215D}
	EndGlobalSection
EndGlobal
